
Microsoft Visual Studio Solution File, Format Version 12.00
# Visual Studio 15
VisualStudioVersion = 15.0.28010.2003
MinimumVisualStudioVersion = 10.0.40219.1
Project("{FAE04EC0-301F-11D3-BF4B-00C04F79EFBC}") = "ChoixResto", "ChoixResto\ChoixResto.csproj", "{CAA1CA14-3786-40F2-AC28-A9E60302C62D}"
EndProject
Project("{FAE04EC0-301F-11D3-BF4B-00C04F79EFBC}") = "ChoixResto.Tests", "ChoixResto.Tests\ChoixResto.Tests.csproj", "{AEED9113-51CD-405C-8CB9-3000EB0DE657}"
EndProject
Global
	GlobalSection(SolutionConfigurationPlatforms) = preSolution
		Debug|Any CPU = Debug|Any CPU
		Release|Any CPU = Release|Any CPU
	EndGlobalSection
	GlobalSection(ProjectConfigurationPlatforms) = postSolution
		{CAA1CA14-3786-40F2-AC28-A9E60302C62D}.Debug|Any CPU.ActiveCfg = Debug|Any CPU
		{CAA1CA14-3786-40F2-AC28-A9E60302C62D}.Debug|Any CPU.Build.0 = Debug|Any CPU
		{CAA1CA14-3786-40F2-AC28-A9E60302C62D}.Release|Any CPU.ActiveCfg = Release|Any CPU
		{CAA1CA14-3786-40F2-AC28-A9E60302C62D}.Release|Any CPU.Build.0 = Release|Any CPU
		{AEED9113-51CD-405C-8CB9-3000EB0DE657}.Debug|Any CPU.ActiveCfg = Debug|Any CPU
		{AEED9113-51CD-405C-8CB9-3000EB0DE657}.Debug|Any CPU.Build.0 = Debug|Any CPU
		{AEED9113-51CD-405C-8CB9-3000EB0DE657}.Release|Any CPU.ActiveCfg = Release|Any CPU
		{AEED9113-51CD-405C-8CB9-3000EB0DE657}.Release|Any CPU.Build.0 = Release|Any CPU
	EndGlobalSection
	GlobalSection(SolutionProperties) = preSolution
		HideSolutionNode = FALSE
	EndGlobalSection
	GlobalSection(ExtensibilityGlobals) = postSolution
		SolutionGuid = {B2ECD7B6-6D59-4446-A76E-3FA29F9D162C}
	EndGlobalSection
EndGlobal
